# THIS IS AN AUTOGENERATED FILE. DO NOT EDIT THIS FILE DIRECTLY.
# yarn lockfile v1


keypair@^1.0.4:
  version "1.0.4"
  resolved "https://registry.yarnpkg.com/keypair/-/keypair-1.0.4.tgz#a749a45f388593f3950f18b3757d32a93bd8ce83"
  integrity sha512-zwhgOhhniaL7oxMgUMKKw5219PWWABMO+dgMnzJOQ2/5L3XJtTJGhW2PEXlxXj9zaccdReZJZ83+4NPhVfNVDg==
